
Microsoft Visual Studio Solution File, Format Version 12.00
# Visual Studio Version 17
VisualStudioVersion = 17.11.35208.52
MinimumVisualStudioVersion = 10.0.40219.1
Project("{FAE04EC0-301F-11D3-BF4B-00C04F79EFBC}") = "RCAWebApplication", "RCAWebApplication\RCAWebApplication.csproj", "{CF8D1FB1-2044-498A-A52D-9E092308402F}"
EndProject
Global
	GlobalSection(SolutionConfigurationPlatforms) = preSolution
		Debug|Any CPU = Debug|Any CPU
		Release|Any CPU = Release|Any CPU
	EndGlobalSection
	GlobalSection(ProjectConfigurationPlatforms) = postSolution
		{CF8D1FB1-2044-498A-A52D-9E092308402F}.Debug|Any CPU.ActiveCfg = Debug|Any CPU
		{CF8D1FB1-2044-498A-A52D-9E092308402F}.Debug|Any CPU.Build.0 = Debug|Any CPU
		{CF8D1FB1-2044-498A-A52D-9E092308402F}.Release|Any CPU.ActiveCfg = Release|Any CPU
		{CF8D1FB1-2044-498A-A52D-9E092308402F}.Release|Any CPU.Build.0 = Release|Any CPU
	EndGlobalSection
	GlobalSection(SolutionProperties) = preSolution
		HideSolutionNode = FALSE
	EndGlobalSection
	GlobalSection(ExtensibilityGlobals) = postSolution
		SolutionGuid = {4C065DE6-5007-454A-BFA1-20DC47FB4824}
	EndGlobalSection
EndGlobal
